
Microsoft Visual Studio Solution File, Format Version 12.00
# Visual Studio Version 17
VisualStudioVersion = 17.0.31903.59
MinimumVisualStudioVersion = 10.0.40219.1
Project("{FAE04EC0-301F-11D3-BF4B-00C04F79EFBC}") = "Biome.Api", "Biome.Api\Biome.Api.csproj", "{E104669E-2137-44E2-8291-62F621958B35}"
EndProject
Project("{FAE04EC0-301F-11D3-BF4B-00C04F79EFBC}") = "Biome.Application", "Biome.Application\Biome.Application.csproj", "{5C896B2D-547B-4B7F-95A6-F768AF708D7C}"
EndProject
Project("{FAE04EC0-301F-11D3-BF4B-00C04F79EFBC}") = "Biome.Domain", "Biome.Domain\Biome.Domain.csproj", "{FD0DBB95-F7A7-4480-B9CC-95915FDCFBE3}"
EndProject
Project("{FAE04EC0-301F-11D3-BF4B-00C04F79EFBC}") = "Biome.Infrastructure", "Biome.Infrastructure\Biome.Infrastructure.csproj", "{DFD335AC-5193-44D0-AFDE-DB6963AA5996}"
EndProject
Project("{FAE04EC0-301F-11D3-BF4B-00C04F79EFBC}") = "Biome.SharedKernel", "Biome.SharedKernel\Biome.SharedKernel.csproj", "{9BC5C779-80F7-49ED-9CC5-07E1847C0669}"
EndProject
Project("{FAE04EC0-301F-11D3-BF4B-00C04F79EFBC}") = "Biome.Worker", "Biome.Worker\Biome.Worker.csproj", "{39B32D88-92D7-4A50-B567-38181C686D2D}"
EndProject
Project("{2150E333-8FDC-42A3-9474-1A3956D46DE8}") = "tests", "tests", "{0AB3BF05-4346-4AA6-1389-037BE0695223}"
EndProject
Project("{FAE04EC0-301F-11D3-BF4B-00C04F79EFBC}") = "Biome.UnitTests", "tests\Biome.UnitTests\Biome.UnitTests.csproj", "{A9221DAE-7C58-4655-9EE5-BF4E4E3A2879}"
EndProject
Project("{FAE04EC0-301F-11D3-BF4B-00C04F79EFBC}") = "Biome.IntegrationTests", "tests\Biome.IntegrationTests\Biome.IntegrationTests.csproj", "{91BF7276-E144-4ECF-8104-8B4104189AC0}"
EndProject
Global
	GlobalSection(SolutionConfigurationPlatforms) = preSolution
		Debug|Any CPU = Debug|Any CPU
		Debug|x64 = Debug|x64
		Debug|x86 = Debug|x86
		Release|Any CPU = Release|Any CPU
		Release|x64 = Release|x64
		Release|x86 = Release|x86
	EndGlobalSection
	GlobalSection(ProjectConfigurationPlatforms) = postSolution
		{E104669E-2137-44E2-8291-62F621958B35}.Debug|Any CPU.ActiveCfg = Debug|Any CPU
		{E104669E-2137-44E2-8291-62F621958B35}.Debug|Any CPU.Build.0 = Debug|Any CPU
		{E104669E-2137-44E2-8291-62F621958B35}.Debug|x64.ActiveCfg = Debug|Any CPU
		{E104669E-2137-44E2-8291-62F621958B35}.Debug|x64.Build.0 = Debug|Any CPU
		{E104669E-2137-44E2-8291-62F621958B35}.Debug|x86.ActiveCfg = Debug|Any CPU
		{E104669E-2137-44E2-8291-62F621958B35}.Debug|x86.Build.0 = Debug|Any CPU
		{E104669E-2137-44E2-8291-62F621958B35}.Release|Any CPU.ActiveCfg = Release|Any CPU
		{E104669E-2137-44E2-8291-62F621958B35}.Release|Any CPU.Build.0 = Release|Any CPU
		{E104669E-2137-44E2-8291-62F621958B35}.Release|x64.ActiveCfg = Release|Any CPU
		{E104669E-2137-44E2-8291-62F621958B35}.Release|x64.Build.0 = Release|Any CPU
		{E104669E-2137-44E2-8291-62F621958B35}.Release|x86.ActiveCfg = Release|Any CPU
		{E104669E-2137-44E2-8291-62F621958B35}.Release|x86.Build.0 = Release|Any CPU
		{5C896B2D-547B-4B7F-95A6-F768AF708D7C}.Debug|Any CPU.ActiveCfg = Debug|Any CPU
		{5C896B2D-547B-4B7F-95A6-F768AF708D7C}.Debug|Any CPU.Build.0 = Debug|Any CPU
		{5C896B2D-547B-4B7F-95A6-F768AF708D7C}.Debug|x64.ActiveCfg = Debug|Any CPU
		{5C896B2D-547B-4B7F-95A6-F768AF708D7C}.Debug|x64.Build.0 = Debug|Any CPU
		{5C896B2D-547B-4B7F-95A6-F768AF708D7C}.Debug|x86.ActiveCfg = Debug|Any CPU
		{5C896B2D-547B-4B7F-95A6-F768AF708D7C}.Debug|x86.Build.0 = Debug|Any CPU
		{5C896B2D-547B-4B7F-95A6-F768AF708D7C}.Release|Any CPU.ActiveCfg = Release|Any CPU
		{5C896B2D-547B-4B7F-95A6-F768AF708D7C}.Release|Any CPU.Build.0 = Release|Any CPU
		{5C896B2D-547B-4B7F-95A6-F768AF708D7C}.Release|x64.ActiveCfg = Release|Any CPU
		{5C896B2D-547B-4B7F-95A6-F768AF708D7C}.Release|x64.Build.0 = Release|Any CPU
		{5C896B2D-547B-4B7F-95A6-F768AF708D7C}.Release|x86.ActiveCfg = Release|Any CPU
		{5C896B2D-547B-4B7F-95A6-F768AF708D7C}.Release|x86.Build.0 = Release|Any CPU
		{FD0DBB95-F7A7-4480-B9CC-95915FDCFBE3}.Debug|Any CPU.ActiveCfg = Debug|Any CPU
		{FD0DBB95-F7A7-4480-B9CC-95915FDCFBE3}.Debug|Any CPU.Build.0 = Debug|Any CPU
		{FD0DBB95-F7A7-4480-B9CC-95915FDCFBE3}.Debug|x64.ActiveCfg = Debug|Any CPU
		{FD0DBB95-F7A7-4480-B9CC-95915FDCFBE3}.Debug|x64.Build.0 = Debug|Any CPU
		{FD0DBB95-F7A7-4480-B9CC-95915FDCFBE3}.Debug|x86.ActiveCfg = Debug|Any CPU
		{FD0DBB95-F7A7-4480-B9CC-95915FDCFBE3}.Debug|x86.Build.0 = Debug|Any CPU
		{FD0DBB95-F7A7-4480-B9CC-95915FDCFBE3}.Release|Any CPU.ActiveCfg = Release|Any CPU
		{FD0DBB95-F7A7-4480-B9CC-95915FDCFBE3}.Release|Any CPU.Build.0 = Release|Any CPU
		{FD0DBB95-F7A7-4480-B9CC-95915FDCFBE3}.Release|x64.ActiveCfg = Release|Any CPU
		{FD0DBB95-F7A7-4480-B9CC-95915FDCFBE3}.Release|x64.Build.0 = Release|Any CPU
		{FD0DBB95-F7A7-4480-B9CC-95915FDCFBE3}.Release|x86.ActiveCfg = Release|Any CPU
		{FD0DBB95-F7A7-4480-B9CC-95915FDCFBE3}.Release|x86.Build.0 = Release|Any CPU
		{DFD335AC-5193-44D0-AFDE-DB6963AA5996}.Debug|Any CPU.ActiveCfg = Debug|Any CPU
		{DFD335AC-5193-44D0-AFDE-DB6963AA5996}.Debug|Any CPU.Build.0 = Debug|Any CPU
		{DFD335AC-5193-44D0-AFDE-DB6963AA5996}.Debug|x64.ActiveCfg = Debug|Any CPU
		{DFD335AC-5193-44D0-AFDE-DB6963AA5996}.Debug|x64.Build.0 = Debug|Any CPU
		{DFD335AC-5193-44D0-AFDE-DB6963AA5996}.Debug|x86.ActiveCfg = Debug|Any CPU
		{DFD335AC-5193-44D0-AFDE-DB6963AA5996}.Debug|x86.Build.0 = Debug|Any CPU
		{DFD335AC-5193-44D0-AFDE-DB6963AA5996}.Release|Any CPU.ActiveCfg = Release|Any CPU
		{DFD335AC-5193-44D0-AFDE-DB6963AA5996}.Release|Any CPU.Build.0 = Release|Any CPU
		{DFD335AC-5193-44D0-AFDE-DB6963AA5996}.Release|x64.ActiveCfg = Release|Any CPU
		{DFD335AC-5193-44D0-AFDE-DB6963AA5996}.Release|x64.Build.0 = Release|Any CPU
		{DFD335AC-5193-44D0-AFDE-DB6963AA5996}.Release|x86.ActiveCfg = Release|Any CPU
		{DFD335AC-5193-44D0-AFDE-DB6963AA5996}.Release|x86.Build.0 = Release|Any CPU
		{9BC5C779-80F7-49ED-9CC5-07E1847C0669}.Debug|Any CPU.ActiveCfg = Debug|Any CPU
		{9BC5C779-80F7-49ED-9CC5-07E1847C0669}.Debug|Any CPU.Build.0 = Debug|Any CPU
		{9BC5C779-80F7-49ED-9CC5-07E1847C0669}.Debug|x64.ActiveCfg = Debug|Any CPU
		{9BC5C779-80F7-49ED-9CC5-07E1847C0669}.Debug|x64.Build.0 = Debug|Any CPU
		{9BC5C779-80F7-49ED-9CC5-07E1847C0669}.Debug|x86.ActiveCfg = Debug|Any CPU
		{9BC5C779-80F7-49ED-9CC5-07E1847C0669}.Debug|x86.Build.0 = Debug|Any CPU
		{9BC5C779-80F7-49ED-9CC5-07E1847C0669}.Release|Any CPU.ActiveCfg = Release|Any CPU
		{9BC5C779-80F7-49ED-9CC5-07E1847C0669}.Release|Any CPU.Build.0 = Release|Any CPU
		{9BC5C779-80F7-49ED-9CC5-07E1847C0669}.Release|x64.ActiveCfg = Release|Any CPU
		{9BC5C779-80F7-49ED-9CC5-07E1847C0669}.Release|x64.Build.0 = Release|Any CPU
		{9BC5C779-80F7-49ED-9CC5-07E1847C0669}.Release|x86.ActiveCfg = Release|Any CPU
		{9BC5C779-80F7-49ED-9CC5-07E1847C0669}.Release|x86.Build.0 = Release|Any CPU
		{39B32D88-92D7-4A50-B567-38181C686D2D}.Debug|Any CPU.ActiveCfg = Debug|Any CPU
		{39B32D88-92D7-4A50-B567-38181C686D2D}.Debug|Any CPU.Build.0 = Debug|Any CPU
		{39B32D88-92D7-4A50-B567-38181C686D2D}.Debug|x64.ActiveCfg = Debug|Any CPU
		{39B32D88-92D7-4A50-B567-38181C686D2D}.Debug|x64.Build.0 = Debug|Any CPU
		{39B32D88-92D7-4A50-B567-38181C686D2D}.Debug|x86.ActiveCfg = Debug|Any CPU
		{39B32D88-92D7-4A50-B567-38181C686D2D}.Debug|x86.Build.0 = Debug|Any CPU
		{39B32D88-92D7-4A50-B567-38181C686D2D}.Release|Any CPU.ActiveCfg = Release|Any CPU
		{39B32D88-92D7-4A50-B567-38181C686D2D}.Release|Any CPU.Build.0 = Release|Any CPU
		{39B32D88-92D7-4A50-B567-38181C686D2D}.Release|x64.ActiveCfg = Release|Any CPU
		{39B32D88-92D7-4A50-B567-38181C686D2D}.Release|x64.Build.0 = Release|Any CPU
		{39B32D88-92D7-4A50-B567-38181C686D2D}.Release|x86.ActiveCfg = Release|Any CPU
		{39B32D88-92D7-4A50-B567-38181C686D2D}.Release|x86.Build.0 = Release|Any CPU
		{A9221DAE-7C58-4655-9EE5-BF4E4E3A2879}.Debug|Any CPU.ActiveCfg = Debug|Any CPU
		{A9221DAE-7C58-4655-9EE5-BF4E4E3A2879}.Debug|Any CPU.Build.0 = Debug|Any CPU
		{A9221DAE-7C58-4655-9EE5-BF4E4E3A2879}.Debug|x64.ActiveCfg = Debug|Any CPU
		{A9221DAE-7C58-4655-9EE5-BF4E4E3A2879}.Debug|x64.Build.0 = Debug|Any CPU
		{A9221DAE-7C58-4655-9EE5-BF4E4E3A2879}.Debug|x86.ActiveCfg = Debug|Any CPU
		{A9221DAE-7C58-4655-9EE5-BF4E4E3A2879}.Debug|x86.Build.0 = Debug|Any CPU
		{A9221DAE-7C58-4655-9EE5-BF4E4E3A2879}.Release|Any CPU.ActiveCfg = Release|Any CPU
		{A9221DAE-7C58-4655-9EE5-BF4E4E3A2879}.Release|Any CPU.Build.0 = Release|Any CPU
		{A9221DAE-7C58-4655-9EE5-BF4E4E3A2879}.Release|x64.ActiveCfg = Release|Any CPU
		{A9221DAE-7C58-4655-9EE5-BF4E4E3A2879}.Release|x64.Build.0 = Release|Any CPU
		{A9221DAE-7C58-4655-9EE5-BF4E4E3A2879}.Release|x86.ActiveCfg = Release|Any CPU
		{A9221DAE-7C58-4655-9EE5-BF4E4E3A2879}.Release|x86.Build.0 = Release|Any CPU
		{91BF7276-E144-4ECF-8104-8B4104189AC0}.Debug|Any CPU.ActiveCfg = Debug|Any CPU
		{91BF7276-E144-4ECF-8104-8B4104189AC0}.Debug|Any CPU.Build.0 = Debug|Any CPU
		{91BF7276-E144-4ECF-8104-8B4104189AC0}.Debug|x64.ActiveCfg = Debug|Any CPU
		{91BF7276-E144-4ECF-8104-8B4104189AC0}.Debug|x64.Build.0 = Debug|Any CPU
		{91BF7276-E144-4ECF-8104-8B4104189AC0}.Debug|x86.ActiveCfg = Debug|Any CPU
		{91BF7276-E144-4ECF-8104-8B4104189AC0}.Debug|x86.Build.0 = Debug|Any CPU
		{91BF7276-E144-4ECF-8104-8B4104189AC0}.Release|Any CPU.ActiveCfg = Release|Any CPU
		{91BF7276-E144-4ECF-8104-8B4104189AC0}.Release|Any CPU.Build.0 = Release|Any CPU
		{91BF7276-E144-4ECF-8104-8B4104189AC0}.Release|x64.ActiveCfg = Release|Any CPU
		{91BF7276-E144-4ECF-8104-8B4104189AC0}.Release|x64.Build.0 = Release|Any CPU
		{91BF7276-E144-4ECF-8104-8B4104189AC0}.Release|x86.ActiveCfg = Release|Any CPU
		{91BF7276-E144-4ECF-8104-8B4104189AC0}.Release|x86.Build.0 = Release|Any CPU
	EndGlobalSection
	GlobalSection(SolutionProperties) = preSolution
		HideSolutionNode = FALSE
	EndGlobalSection
	GlobalSection(NestedProjects) = preSolution
		{A9221DAE-7C58-4655-9EE5-BF4E4E3A2879} = {0AB3BF05-4346-4AA6-1389-037BE0695223}
		{91BF7276-E144-4ECF-8104-8B4104189AC0} = {0AB3BF05-4346-4AA6-1389-037BE0695223}
	EndGlobalSection
EndGlobal
